# This file is automatically @generated by Cargo.
# It is not intended for manual editing.
version = 4

[[package]]
name = "anyhow"
version = "1.0.102"
source = "registry+https://github.com/rust-lang/crates.io-index"
checksum = "7f202df86484c868dbad7eaa557ef785d5c66295e41b460ef922eca0723b842c"

[[package]]
name = "tidev"
version = "0.7.0"
dependencies = [
 "anyhow",
 "tidev-tui",
]

[[package]]
name = "tidev-agent"
version = "0.7.0"
dependencies = [
 "tidev-llm",
 "tidev-session",
 "tidev-storage",
 "tidev-types",
]

[[package]]
name = "tidev-config"
version = "0.7.0"
dependencies = [
 "tidev-types",
]

[[package]]
name = "tidev-core"
version = "0.7.0"
dependencies = [
 "tidev-agent",
 "tidev-config",
 "tidev-instructions",
 "tidev-llm",
 "tidev-mcp",
 "tidev-search",
 "tidev-snapshot",
 "tidev-storage",
 "tidev-tools",
]

[[package]]
name = "tidev-instructions"
version = "0.7.0"

[[package]]
name = "tidev-llm"
version = "0.7.0"
dependencies = [
 "tidev-types",
]

[[package]]
name = "tidev-mcp"
version = "0.7.0"
dependencies = [
 "tidev-types",
]

[[package]]
name = "tidev-search"
version = "0.7.0"

[[package]]
name = "tidev-session"
version = "0.7.0"
dependencies = [
 "tidev-types",
]

[[package]]
name = "tidev-snapshot"
version = "0.7.0"

[[package]]
name = "tidev-storage"
version = "0.7.0"
dependencies = [
 "tidev-session",
 "tidev-types",
]

[[package]]
name = "tidev-tools"
version = "0.7.0"
dependencies = [
 "tidev-types",
]

[[package]]
name = "tidev-tui"
version = "0.7.0"
dependencies = [
 "tidev-config",
 "tidev-core",
 "tidev-session",
 "tidev-types",
 "tidev-utils",
]

[[package]]
name = "tidev-types"
version = "0.7.0"

[[package]]
name = "tidev-utils"
version = "0.7.0"
